
Microsoft Visual Studio Solution File, Format Version 12.00
# Visual Studio Version 17
VisualStudioVersion = 17.1.32328.378
MinimumVisualStudioVersion = 10.0.40219.1
Project("{FAE04EC0-301F-11D3-BF4B-00C04F79EFBC}") = "InicijalnoPonavljanje3", "InicijalnoPonavljanje3\InicijalnoPonavljanje3.csproj", "{C6044C42-78BF-4A8A-B1F8-B9C8CF693550}"
EndProject
Global
	GlobalSection(SolutionConfigurationPlatforms) = preSolution
		Debug|Any CPU = Debug|Any CPU
		Release|Any CPU = Release|Any CPU
	EndGlobalSection
	GlobalSection(ProjectConfigurationPlatforms) = postSolution
		{C6044C42-78BF-4A8A-B1F8-B9C8CF693550}.Debug|Any CPU.ActiveCfg = Debug|Any CPU
		{C6044C42-78BF-4A8A-B1F8-B9C8CF693550}.Debug|Any CPU.Build.0 = Debug|Any CPU
		{C6044C42-78BF-4A8A-B1F8-B9C8CF693550}.Release|Any CPU.ActiveCfg = Release|Any CPU
		{C6044C42-78BF-4A8A-B1F8-B9C8CF693550}.Release|Any CPU.Build.0 = Release|Any CPU
	EndGlobalSection
	GlobalSection(SolutionProperties) = preSolution
		HideSolutionNode = FALSE
	EndGlobalSection
	GlobalSection(ExtensibilityGlobals) = postSolution
		SolutionGuid = {FF9FBC48-ACD1-4DFA-8A5A-5245FD5CF5B6}
	EndGlobalSection
EndGlobal
